
Microsoft Visual Studio Solution File, Format Version 12.00
# Visual Studio 14
VisualStudioVersion = 14.0.22310.1
MinimumVisualStudioVersion = 10.0.40219.1
Project("{FAE04EC0-301F-11D3-BF4B-00C04F79EFBC}") = "KitsuneRoslyn", "KitsuneRoslyn\KitsuneRoslyn\KitsuneRoslyn.csproj", "{DACE07DD-0168-4656-A844-5779FA7F10EA}"
EndProject
Project("{2150E333-8FDC-42A3-9474-1A3956D46DE8}") = ".nuget", ".nuget", "{D69B9EB0-4A5D-478C-98FD-3C610A4C8FC1}"
	ProjectSection(SolutionItems) = preProject
		.nuget\packages.config = .nuget\packages.config
	EndProjectSection
EndProject
Project("{FAE04EC0-301F-11D3-BF4B-00C04F79EFBC}") = "KitsuneRoslyn.Test", "KitsuneRoslyn\KitsuneRoslyn.Test\KitsuneRoslyn.Test.csproj", "{333BB0E0-0268-4154-B2C0-D89F9D983986}"
EndProject
Project("{FAE04EC0-301F-11D3-BF4B-00C04F79EFBC}") = "KitsuneRoslyn.Vsix", "KitsuneRoslyn\KitsuneRoslyn.Vsix\KitsuneRoslyn.Vsix.csproj", "{E6E3B8CA-6F48-4C49-B042-1D5C947CD3C6}"
EndProject
Project("{FAE04EC0-301F-11D3-BF4B-00C04F79EFBC}") = "KitsuneRoslyn.Refactorings", "KitsuneRoslyn.Refactorings\KitsuneRoslyn.Refactorings.csproj", "{8EA67E23-9169-496E-BEBA-A4601DFC304A}"
EndProject
Global
	GlobalSection(SolutionConfigurationPlatforms) = preSolution
		Debug|Any CPU = Debug|Any CPU
		Release|Any CPU = Release|Any CPU
	EndGlobalSection
	GlobalSection(ProjectConfigurationPlatforms) = postSolution
		{DACE07DD-0168-4656-A844-5779FA7F10EA}.Debug|Any CPU.ActiveCfg = Debug|Any CPU
		{DACE07DD-0168-4656-A844-5779FA7F10EA}.Debug|Any CPU.Build.0 = Debug|Any CPU
		{DACE07DD-0168-4656-A844-5779FA7F10EA}.Release|Any CPU.ActiveCfg = Release|Any CPU
		{DACE07DD-0168-4656-A844-5779FA7F10EA}.Release|Any CPU.Build.0 = Release|Any CPU
		{333BB0E0-0268-4154-B2C0-D89F9D983986}.Debug|Any CPU.ActiveCfg = Debug|Any CPU
		{333BB0E0-0268-4154-B2C0-D89F9D983986}.Debug|Any CPU.Build.0 = Debug|Any CPU
		{333BB0E0-0268-4154-B2C0-D89F9D983986}.Release|Any CPU.ActiveCfg = Release|Any CPU
		{333BB0E0-0268-4154-B2C0-D89F9D983986}.Release|Any CPU.Build.0 = Release|Any CPU
		{E6E3B8CA-6F48-4C49-B042-1D5C947CD3C6}.Debug|Any CPU.ActiveCfg = Debug|Any CPU
		{E6E3B8CA-6F48-4C49-B042-1D5C947CD3C6}.Debug|Any CPU.Build.0 = Debug|Any CPU
		{E6E3B8CA-6F48-4C49-B042-1D5C947CD3C6}.Release|Any CPU.ActiveCfg = Release|Any CPU
		{E6E3B8CA-6F48-4C49-B042-1D5C947CD3C6}.Release|Any CPU.Build.0 = Release|Any CPU
		{8EA67E23-9169-496E-BEBA-A4601DFC304A}.Debug|Any CPU.ActiveCfg = Debug|Any CPU
		{8EA67E23-9169-496E-BEBA-A4601DFC304A}.Debug|Any CPU.Build.0 = Debug|Any CPU
		{8EA67E23-9169-496E-BEBA-A4601DFC304A}.Release|Any CPU.ActiveCfg = Release|Any CPU
		{8EA67E23-9169-496E-BEBA-A4601DFC304A}.Release|Any CPU.Build.0 = Release|Any CPU
	EndGlobalSection
	GlobalSection(SolutionProperties) = preSolution
		HideSolutionNode = FALSE
	EndGlobalSection
EndGlobal
